// !$*UTF8*$!
{
	archiveVersion = 1;
	classes = {
	};
	objectVersion = 56;
	objects = {

/* Begin PBXBuildFile section */
		1400D3942ADC4A3200491F75 /* Constants.swift in Sources */ = {isa = PBXBuildFile; fileRef = 1400D3932ADC4A3200491F75 /* Constants.swift */; };
		1400D3982ADC5B7800491F75 /* MovieViewModel.swift in Sources */ = {isa = PBXBuildFile; fileRef = 1400D3972ADC5B7800491F75 /* MovieViewModel.swift */; };
		140A09A12BA8F8BC00D17AD3 /* Collection-EXT.swift in Sources */ = {isa = PBXBuildFile; fileRef = 140A09A02BA8F8BC00D17AD3 /* Collection-EXT.swift */; };
		140A09A32BA91BCD00D17AD3 /* MovieDetailsVC.swift in Sources */ = {isa = PBXBuildFile; fileRef = 140A09A22BA91BCD00D17AD3 /* MovieDetailsVC.swift */; };
		140A09A62BA92DE000D17AD3 /* TVDetailsVC.swift in Sources */ = {isa = PBXBuildFile; fileRef = 140A09A52BA92DE000D17AD3 /* TVDetailsVC.swift */; };
		140A72D82AD8283700CCA9FA /* Media.swift in Sources */ = {isa = PBXBuildFile; fileRef = 140A72D72AD8283700CCA9FA /* Media.swift */; };
		140A72DC2AD8325800CCA9FA /* PosterCollectionViewCell.swift in Sources */ = {isa = PBXBuildFile; fileRef = 140A72DB2AD8325800CCA9FA /* PosterCollectionViewCell.swift */; };
		140B13B22ADF561600AB2387 /* YoutubeResponse.swift in Sources */ = {isa = PBXBuildFile; fileRef = 140B13B12ADF561600AB2387 /* YoutubeResponse.swift */; };
		140F65D72BB5674200FF7C25 /* SeasonsListVC.swift in Sources */ = {isa = PBXBuildFile; fileRef = 140F65D62BB5674200FF7C25 /* SeasonsListVC.swift */; };
		141230EC2AE5AED80025815E /* NetflixCloneModel.xcdatamodeld in Sources */ = {isa = PBXBuildFile; fileRef = 141230EA2AE5AED80025815E /* NetflixCloneModel.xcdatamodeld */; };
		141230EE2AE5B2020025815E /* DataPersistenceManager.swift in Sources */ = {isa = PBXBuildFile; fileRef = 141230ED2AE5B2020025815E /* DataPersistenceManager.swift */; };
		1416D03F2B6734FB00BC363C /* Cast.swift in Sources */ = {isa = PBXBuildFile; fileRef = 1416D03E2B6734FB00BC363C /* Cast.swift */; };
		141E13FB2AD73191007418D5 /* NetworkManager.swift in Sources */ = {isa = PBXBuildFile; fileRef = 141E13FA2AD73191007418D5 /* NetworkManager.swift */; };
		142FF7D52B91183A0061375F /* NFPlainButton.swift in Sources */ = {isa = PBXBuildFile; fileRef = 142FF7D42B91183A0061375F /* NFPlainButton.swift */; };
		142FF7D72B911DB00061375F /* NFSymbolButton.swift in Sources */ = {isa = PBXBuildFile; fileRef = 142FF7D62B911DB00061375F /* NFSymbolButton.swift */; };
		1434BF2D2B61D27A00EA70F6 /* TrailersTableViewCell.swift in Sources */ = {isa = PBXBuildFile; fileRef = 1434BF2C2B61D27A00EA70F6 /* TrailersTableViewCell.swift */; };
		1434BF2F2B61D57100EA70F6 /* SimpleTableViewCell.swift in Sources */ = {isa = PBXBuildFile; fileRef = 1434BF2E2B61D57100EA70F6 /* SimpleTableViewCell.swift */; };
		1435879D2B4327F60044171C /* Image.swift in Sources */ = {isa = PBXBuildFile; fileRef = 1435879C2B4327F60044171C /* Image.swift */; };
		143C559C2B1E7AB800E58867 /* HomeProtocols.swift in Sources */ = {isa = PBXBuildFile; fileRef = 143C559B2B1E7AB800E58867 /* HomeProtocols.swift */; };
		144470E92B43531300843068 /* Detail.swift in Sources */ = {isa = PBXBuildFile; fileRef = 144470E82B43531300843068 /* Detail.swift */; };
		145EDE7B2B8BBF3E00B49A48 /* ViewController-EXT.swift in Sources */ = {isa = PBXBuildFile; fileRef = 145EDE7A2B8BBF3E00B49A48 /* ViewController-EXT.swift */; };
		145EDE7D2B8BC39200B49A48 /* String-EXT.swift in Sources */ = {isa = PBXBuildFile; fileRef = 145EDE7C2B8BC39200B49A48 /* String-EXT.swift */; };
		145EDE7F2B8BC39C00B49A48 /* Int-EXT.swift in Sources */ = {isa = PBXBuildFile; fileRef = 145EDE7E2B8BC39C00B49A48 /* Int-EXT.swift */; };
		145EDE812B8BC3EC00B49A48 /* UIColor-EXT.swift in Sources */ = {isa = PBXBuildFile; fileRef = 145EDE802B8BC3EC00B49A48 /* UIColor-EXT.swift */; };
		145FB0F32AD3FEC30019A439 /* AppDelegate.swift in Sources */ = {isa = PBXBuildFile; fileRef = 145FB0F22AD3FEC30019A439 /* AppDelegate.swift */; };
		145FB0F52AD3FEC30019A439 /* SceneDelegate.swift in Sources */ = {isa = PBXBuildFile; fileRef = 145FB0F42AD3FEC30019A439 /* SceneDelegate.swift */; };
		145FB0F72AD3FEC30019A439 /* MainTabBarVC.swift in Sources */ = {isa = PBXBuildFile; fileRef = 145FB0F62AD3FEC30019A439 /* MainTabBarVC.swift */; };
		145FB0FC2AD3FEC40019A439 /* Assets.xcassets in Resources */ = {isa = PBXBuildFile; fileRef = 145FB0FB2AD3FEC40019A439 /* Assets.xcassets */; };
		145FB0FF2AD3FEC40019A439 /* LaunchScreen.storyboard in Resources */ = {isa = PBXBuildFile; fileRef = 145FB0FD2AD3FEC40019A439 /* LaunchScreen.storyboard */; };
		145FB1082AD402A80019A439 /* HomeVC.swift in Sources */ = {isa = PBXBuildFile; fileRef = 145FB1072AD402A80019A439 /* HomeVC.swift */; };
		145FB10A2AD402E50019A439 /* NewHotVC.swift in Sources */ = {isa = PBXBuildFile; fileRef = 145FB1092AD402E50019A439 /* NewHotVC.swift */; };
		145FB10E2AD403430019A439 /* DownloadVC.swift in Sources */ = {isa = PBXBuildFile; fileRef = 145FB10D2AD403430019A439 /* DownloadVC.swift */; };
		145FB1162AD46CE40019A439 /* HomeTableViewCell.swift in Sources */ = {isa = PBXBuildFile; fileRef = 145FB1152AD46CE40019A439 /* HomeTableViewCell.swift */; };
		147094C72B4737FB0053CFBC /* MyNetflixVC.swift in Sources */ = {isa = PBXBuildFile; fileRef = 147094C62B4737FB0053CFBC /* MyNetflixVC.swift */; };
		147094CA2B4742FD0053CFBC /* DownloadExtension.swift in Sources */ = {isa = PBXBuildFile; fileRef = 147094C92B4742FD0053CFBC /* DownloadExtension.swift */; };
		147094CC2B4747150053CFBC /* TitleRowUIView.swift in Sources */ = {isa = PBXBuildFile; fileRef = 147094CB2B4747150053CFBC /* TitleRowUIView.swift */; };
		147094CE2B4752CB0053CFBC /* MyNetflixTableViewCell.swift in Sources */ = {isa = PBXBuildFile; fileRef = 147094CD2B4752CA0053CFBC /* MyNetflixTableViewCell.swift */; };
		147094D12B4757D40053CFBC /* HomeTableViewExtension.swift in Sources */ = {isa = PBXBuildFile; fileRef = 147094D02B4757D40053CFBC /* HomeTableViewExtension.swift */; };
		147094D42B4758410053CFBC /* MyNetflixTableViewCellExtension.swift in Sources */ = {isa = PBXBuildFile; fileRef = 147094D32B4758410053CFBC /* MyNetflixTableViewCellExtension.swift */; };
		147094D72B47586E0053CFBC /* MyNetflixExtension.swift in Sources */ = {isa = PBXBuildFile; fileRef = 147094D62B47586E0053CFBC /* MyNetflixExtension.swift */; };
		147094D92B4759010053CFBC /* HomeTableViewConfig.swift in Sources */ = {isa = PBXBuildFile; fileRef = 147094D82B4759000053CFBC /* HomeTableViewConfig.swift */; };
		147551AD2BB0C0B700A2309B /* EpisodesTableViewCell.swift in Sources */ = {isa = PBXBuildFile; fileRef = 147551AC2BB0C0B700A2309B /* EpisodesTableViewCell.swift */; };
		147BD90B2B9B942D0054A207 /* UIHelper.swift in Sources */ = {isa = PBXBuildFile; fileRef = 147BD90A2B9B942D0054A207 /* UIHelper.swift */; };
		147BD90D2B9BAAA50054A207 /* NewHotTableConfig.swift in Sources */ = {isa = PBXBuildFile; fileRef = 147BD90C2B9BAAA50054A207 /* NewHotTableConfig.swift */; };
		147D7E972BBB2F9900118925 /* ComingSoonTVC.swift in Sources */ = {isa = PBXBuildFile; fileRef = 147D7E962BBB2F9900118925 /* ComingSoonTVC.swift */; };
		147D7E992BBB2FB500118925 /* EverybodyTVC.swift in Sources */ = {isa = PBXBuildFile; fileRef = 147D7E982BBB2FB500118925 /* EverybodyTVC.swift */; };
		147D7E9B2BBB2FC600118925 /* TopMoviesTVC.swift in Sources */ = {isa = PBXBuildFile; fileRef = 147D7E9A2BBB2FC600118925 /* TopMoviesTVC.swift */; };
		147D7E9D2BBB2FD900118925 /* TopTVShowsTVC.swift in Sources */ = {isa = PBXBuildFile; fileRef = 147D7E9C2BBB2FD900118925 /* TopTVShowsTVC.swift */; };
		14802AE42AEAD34D00C80527 /* SDWebImage in Frameworks */ = {isa = PBXBuildFile; productRef = 14802AE32AEAD34D00C80527 /* SDWebImage */; };
		14802AE62AEAD34D00C80527 /* SDWebImageMapKit in Frameworks */ = {isa = PBXBuildFile; productRef = 14802AE52AEAD34D00C80527 /* SDWebImageMapKit */; };
		148252272B5EF7300009C0EF /* ThreeButtonUIView.swift in Sources */ = {isa = PBXBuildFile; fileRef = 148252262B5EF7300009C0EF /* ThreeButtonUIView.swift */; };
		1482522B2B5F2F010009C0EF /* SwitchViewButtonsUIView.swift in Sources */ = {isa = PBXBuildFile; fileRef = 1482522A2B5F2F010009C0EF /* SwitchViewButtonsUIView.swift */; };
		1482522E2B5F62430009C0EF /* MediaDetialsProtocols.swift in Sources */ = {isa = PBXBuildFile; fileRef = 1482522D2B5F62430009C0EF /* MediaDetialsProtocols.swift */; };
		1488403E2B168ACC00EE2F21 /* HomeCategoryBarUIView.swift in Sources */ = {isa = PBXBuildFile; fileRef = 1488403D2B168ACC00EE2F21 /* HomeCategoryBarUIView.swift */; };
		1488D3242B0E49600020AF07 /* HomeBackgroundUIView.swift in Sources */ = {isa = PBXBuildFile; fileRef = 1488D3232B0E49600020AF07 /* HomeBackgroundUIView.swift */; };
		1489AC852BB4BD3B0004EFBC /* SeasonSelectHeaderView.swift in Sources */ = {isa = PBXBuildFile; fileRef = 1489AC842BB4BD3B0004EFBC /* SeasonSelectHeaderView.swift */; };
		148DB47E2B682A7F00100298 /* Trailer.swift in Sources */ = {isa = PBXBuildFile; fileRef = 148DB47D2B682A7F00100298 /* Trailer.swift */; };
		148EC12B2B97A57B00EFDD11 /* ErrorMessages.swift in Sources */ = {isa = PBXBuildFile; fileRef = 148EC12A2B97A57B00EFDD11 /* ErrorMessages.swift */; };
		14A0E3102BB769C6008C434E /* UIView-EXT.swift in Sources */ = {isa = PBXBuildFile; fileRef = 14A0E30F2BB769C6008C434E /* UIView-EXT.swift */; };
		14A491F02B8F62320090AF08 /* NFBodyLabel.swift in Sources */ = {isa = PBXBuildFile; fileRef = 14A491EF2B8F62320090AF08 /* NFBodyLabel.swift */; };
		14A491F22B8F647D0090AF08 /* NFTitleLabel.swift in Sources */ = {isa = PBXBuildFile; fileRef = 14A491F12B8F647D0090AF08 /* NFTitleLabel.swift */; };
		14A491F62B8FD8EF0090AF08 /* NFFilledButton.swift in Sources */ = {isa = PBXBuildFile; fileRef = 14A491F52B8FD8EF0090AF08 /* NFFilledButton.swift */; };
		14AC46822B5854B600F5DF7A /* NewHotCategoryBarUIView.swift in Sources */ = {isa = PBXBuildFile; fileRef = 14AC46812B5854B600F5DF7A /* NewHotCategoryBarUIView.swift */; };
		14BEB8042B9E049000B87AB8 /* SearchVC.swift in Sources */ = {isa = PBXBuildFile; fileRef = 14BEB8032B9E049000B87AB8 /* SearchVC.swift */; };
		14C7A4572B5B2B94001EEC08 /* NewHotTableViewConfig.swift in Sources */ = {isa = PBXBuildFile; fileRef = 14C7A4562B5B2B94001EEC08 /* NewHotTableViewConfig.swift */; };
		14CFB1E32B56F55A0036FE91 /* HomeHeaderConfig.swift in Sources */ = {isa = PBXBuildFile; fileRef = 14CFB1E22B56F55A0036FE91 /* HomeHeaderConfig.swift */; };
		14D08B5D2BAB660500677EFC /* SeasonDetail.swift in Sources */ = {isa = PBXBuildFile; fileRef = 14D08B5C2BAB660500677EFC /* SeasonDetail.swift */; };
		14DCE3D52B2240D400DCD959 /* NewHotProtocols.swift in Sources */ = {isa = PBXBuildFile; fileRef = 14DCE3D42B2240D400DCD959 /* NewHotProtocols.swift */; };
		14DCE3D72B22490D00DCD959 /* New&HotTableViewCell.swift in Sources */ = {isa = PBXBuildFile; fileRef = 14DCE3D62B22490D00DCD959 /* New&HotTableViewCell.swift */; };
		14E3B0E92B5D668600D08C14 /* MediaDetailsVC.swift in Sources */ = {isa = PBXBuildFile; fileRef = 14E3B0E82B5D668600D08C14 /* MediaDetailsVC.swift */; };
		14EC06AC2B6C4B3600565B57 /* DetailsLabelUIView.swift in Sources */ = {isa = PBXBuildFile; fileRef = 14EC06AB2B6C4B3600565B57 /* DetailsLabelUIView.swift */; };
		14EC7D5A2B14FE5700E5B395 /* SkeletonView in Frameworks */ = {isa = PBXBuildFile; productRef = 14EC7D592B14FE5700E5B395 /* SkeletonView */; };
		14EC7D612B15174C00E5B395 /* HomeLoadingUIView.swift in Sources */ = {isa = PBXBuildFile; fileRef = 14EC7D602B15174C00E5B395 /* HomeLoadingUIView.swift */; };
		14EF75B52B8DFACB004D0279 /* NFImageView.swift in Sources */ = {isa = PBXBuildFile; fileRef = 14EF75B42B8DFACB004D0279 /* NFImageView.swift */; };
		14EF75B82B8E1231004D0279 /* NFWebImageView.swift in Sources */ = {isa = PBXBuildFile; fileRef = 14EF75B72B8E1231004D0279 /* NFWebImageView.swift */; };
		14FC660A2B964637001863B0 /* NewHotLoadingUIView.swift in Sources */ = {isa = PBXBuildFile; fileRef = 14FC66092B964637001863B0 /* NewHotLoadingUIView.swift */; };
		14FC660C2B964E86001863B0 /* NFLoadingUIView.swift in Sources */ = {isa = PBXBuildFile; fileRef = 14FC660B2B964E86001863B0 /* NFLoadingUIView.swift */; };
		14FDAABB2AD49E580027DFED /* HeroHeaderUIView.swift in Sources */ = {isa = PBXBuildFile; fileRef = 14FDAABA2AD49E580027DFED /* HeroHeaderUIView.swift */; };
/* End PBXBuildFile section */

/* Begin PBXFileReference section */
		1400D3932ADC4A3200491F75 /* Constants.swift */ = {isa = PBXFileReference; lastKnownFileType = sourcecode.swift; path = Constants.swift; sourceTree = "<group>"; };
		1400D3972ADC5B7800491F75 /* MovieViewModel.swift */ = {isa = PBXFileReference; lastKnownFileType = sourcecode.swift; path = MovieViewModel.swift; sourceTree = "<group>"; };
		140A09A02BA8F8BC00D17AD3 /* Collection-EXT.swift */ = {isa = PBXFileReference; lastKnownFileType = sourcecode.swift; path = "Collection-EXT.swift"; sourceTree = "<group>"; };
		140A09A22BA91BCD00D17AD3 /* MovieDetailsVC.swift */ = {isa = PBXFileReference; lastKnownFileType = sourcecode.swift; path = MovieDetailsVC.swift; sourceTree = "<group>"; };
		140A09A52BA92DE000D17AD3 /* TVDetailsVC.swift */ = {isa = PBXFileReference; lastKnownFileType = sourcecode.swift; path = TVDetailsVC.swift; sourceTree = "<group>"; };
		140A72D72AD8283700CCA9FA /* Media.swift */ = {isa = PBXFileReference; lastKnownFileType = sourcecode.swift; path = Media.swift; sourceTree = "<group>"; };
		140A72DB2AD8325800CCA9FA /* PosterCollectionViewCell.swift */ = {isa = PBXFileReference; lastKnownFileType = sourcecode.swift; path = PosterCollectionViewCell.swift; sourceTree = "<group>"; };
		140B13B12ADF561600AB2387 /* YoutubeResponse.swift */ = {isa = PBXFileReference; lastKnownFileType = sourcecode.swift; path = YoutubeResponse.swift; sourceTree = "<group>"; };
		140F65D62BB5674200FF7C25 /* SeasonsListVC.swift */ = {isa = PBXFileReference; lastKnownFileType = sourcecode.swift; path = SeasonsListVC.swift; sourceTree = "<group>"; };
		141230EB2AE5AED80025815E /* NetflixCloneModel.xcdatamodel */ = {isa = PBXFileReference; lastKnownFileType = wrapper.xcdatamodel; path = NetflixCloneModel.xcdatamodel; sourceTree = "<group>"; };
		141230ED2AE5B2020025815E /* DataPersistenceManager.swift */ = {isa = PBXFileReference; lastKnownFileType = sourcecode.swift; path = DataPersistenceManager.swift; sourceTree = "<group>"; };
		1416D03E2B6734FB00BC363C /* Cast.swift */ = {isa = PBXFileReference; lastKnownFileType = sourcecode.swift; path = Cast.swift; sourceTree = "<group>"; };
		141E13FA2AD73191007418D5 /* NetworkManager.swift */ = {isa = PBXFileReference; lastKnownFileType = sourcecode.swift; path = NetworkManager.swift; sourceTree = "<group>"; };
		142FF7D42B91183A0061375F /* NFPlainButton.swift */ = {isa = PBXFileReference; lastKnownFileType = sourcecode.swift; path = NFPlainButton.swift; sourceTree = "<group>"; };
		142FF7D62B911DB00061375F /* NFSymbolButton.swift */ = {isa = PBXFileReference; lastKnownFileType = sourcecode.swift; path = NFSymbolButton.swift; sourceTree = "<group>"; };
		1434BF2C2B61D27A00EA70F6 /* TrailersTableViewCell.swift */ = {isa = PBXFileReference; lastKnownFileType = sourcecode.swift; path = TrailersTableViewCell.swift; sourceTree = "<group>"; };
		1434BF2E2B61D57100EA70F6 /* SimpleTableViewCell.swift */ = {isa = PBXFileReference; lastKnownFileType = sourcecode.swift; path = SimpleTableViewCell.swift; sourceTree = "<group>"; };
		1435879C2B4327F60044171C /* Image.swift */ = {isa = PBXFileReference; lastKnownFileType = sourcecode.swift; path = Image.swift; sourceTree = "<group>"; };
		143C559B2B1E7AB800E58867 /* HomeProtocols.swift */ = {isa = PBXFileReference; lastKnownFileType = sourcecode.swift; path = HomeProtocols.swift; sourceTree = "<group>"; };
		144470E82B43531300843068 /* Detail.swift */ = {isa = PBXFileReference; lastKnownFileType = sourcecode.swift; path = Detail.swift; sourceTree = "<group>"; };
		145EDE7A2B8BBF3E00B49A48 /* ViewController-EXT.swift */ = {isa = PBXFileReference; lastKnownFileType = sourcecode.swift; path = "ViewController-EXT.swift"; sourceTree = "<group>"; };
		145EDE7C2B8BC39200B49A48 /* String-EXT.swift */ = {isa = PBXFileReference; lastKnownFileType = sourcecode.swift; path = "String-EXT.swift"; sourceTree = "<group>"; };
		145EDE7E2B8BC39C00B49A48 /* Int-EXT.swift */ = {isa = PBXFileReference; lastKnownFileType = sourcecode.swift; path = "Int-EXT.swift"; sourceTree = "<group>"; };
		145EDE802B8BC3EC00B49A48 /* UIColor-EXT.swift */ = {isa = PBXFileReference; lastKnownFileType = sourcecode.swift; path = "UIColor-EXT.swift"; sourceTree = "<group>"; };
		145FB0EF2AD3FEC30019A439 /* Netflix Clone.app */ = {isa = PBXFileReference; explicitFileType = wrapper.application; includeInIndex = 0; path = "Netflix Clone.app"; sourceTree = BUILT_PRODUCTS_DIR; };
		145FB0F22AD3FEC30019A439 /* AppDelegate.swift */ = {isa = PBXFileReference; lastKnownFileType = sourcecode.swift; path = AppDelegate.swift; sourceTree = "<group>"; };
		145FB0F42AD3FEC30019A439 /* SceneDelegate.swift */ = {isa = PBXFileReference; lastKnownFileType = sourcecode.swift; path = SceneDelegate.swift; sourceTree = "<group>"; };
		145FB0F62AD3FEC30019A439 /* MainTabBarVC.swift */ = {isa = PBXFileReference; lastKnownFileType = sourcecode.swift; path = MainTabBarVC.swift; sourceTree = "<group>"; };
		145FB0FB2AD3FEC40019A439 /* Assets.xcassets */ = {isa = PBXFileReference; lastKnownFileType = folder.assetcatalog; path = Assets.xcassets; sourceTree = "<group>"; };
		145FB0FE2AD3FEC40019A439 /* Base */ = {isa = PBXFileReference; lastKnownFileType = file.storyboard; name = Base; path = Base.lproj/LaunchScreen.storyboard; sourceTree = "<group>"; };
		145FB1002AD3FEC40019A439 /* Info.plist */ = {isa = PBXFileReference; lastKnownFileType = text.plist.xml; path = Info.plist; sourceTree = "<group>"; };
		145FB1072AD402A80019A439 /* HomeVC.swift */ = {isa = PBXFileReference; lastKnownFileType = sourcecode.swift; path = HomeVC.swift; sourceTree = "<group>"; };
		145FB1092AD402E50019A439 /* NewHotVC.swift */ = {isa = PBXFileReference; lastKnownFileType = sourcecode.swift; path = NewHotVC.swift; sourceTree = "<group>"; };
		145FB10D2AD403430019A439 /* DownloadVC.swift */ = {isa = PBXFileReference; lastKnownFileType = sourcecode.swift; path = DownloadVC.swift; sourceTree = "<group>"; };
		145FB1152AD46CE40019A439 /* HomeTableViewCell.swift */ = {isa = PBXFileReference; lastKnownFileType = sourcecode.swift; path = HomeTableViewCell.swift; sourceTree = "<group>"; };
		147094C62B4737FB0053CFBC /* MyNetflixVC.swift */ = {isa = PBXFileReference; lastKnownFileType = sourcecode.swift; path = MyNetflixVC.swift; sourceTree = "<group>"; };
		147094C92B4742FD0053CFBC /* DownloadExtension.swift */ = {isa = PBXFileReference; lastKnownFileType = sourcecode.swift; path = DownloadExtension.swift; sourceTree = "<group>"; };
		147094CB2B4747150053CFBC /* TitleRowUIView.swift */ = {isa = PBXFileReference; lastKnownFileType = sourcecode.swift; path = TitleRowUIView.swift; sourceTree = "<group>"; };
		147094CD2B4752CA0053CFBC /* MyNetflixTableViewCell.swift */ = {isa = PBXFileReference; lastKnownFileType = sourcecode.swift; path = MyNetflixTableViewCell.swift; sourceTree = "<group>"; };
		147094D02B4757D40053CFBC /* HomeTableViewExtension.swift */ = {isa = PBXFileReference; lastKnownFileType = sourcecode.swift; path = HomeTableViewExtension.swift; sourceTree = "<group>"; };
		147094D32B4758410053CFBC /* MyNetflixTableViewCellExtension.swift */ = {isa = PBXFileReference; lastKnownFileType = sourcecode.swift; path = MyNetflixTableViewCellExtension.swift; sourceTree = "<group>"; };
		147094D62B47586E0053CFBC /* MyNetflixExtension.swift */ = {isa = PBXFileReference; lastKnownFileType = sourcecode.swift; path = MyNetflixExtension.swift; sourceTree = "<group>"; };
		147094D82B4759000053CFBC /* HomeTableViewConfig.swift */ = {isa = PBXFileReference; lastKnownFileType = sourcecode.swift; path = HomeTableViewConfig.swift; sourceTree = "<group>"; };
		147551AC2BB0C0B700A2309B /* EpisodesTableViewCell.swift */ = {isa = PBXFileReference; lastKnownFileType = sourcecode.swift; path = EpisodesTableViewCell.swift; sourceTree = "<group>"; };
		147BD90A2B9B942D0054A207 /* UIHelper.swift */ = {isa = PBXFileReference; lastKnownFileType = sourcecode.swift; path = UIHelper.swift; sourceTree = "<group>"; };
		147BD90C2B9BAAA50054A207 /* NewHotTableConfig.swift */ = {isa = PBXFileReference; lastKnownFileType = sourcecode.swift; path = NewHotTableConfig.swift; sourceTree = "<group>"; };
		147D7E962BBB2F9900118925 /* ComingSoonTVC.swift */ = {isa = PBXFileReference; lastKnownFileType = sourcecode.swift; path = ComingSoonTVC.swift; sourceTree = "<group>"; };
		147D7E982BBB2FB500118925 /* EverybodyTVC.swift */ = {isa = PBXFileReference; lastKnownFileType = sourcecode.swift; path = EverybodyTVC.swift; sourceTree = "<group>"; };
		147D7E9A2BBB2FC600118925 /* TopMoviesTVC.swift */ = {isa = PBXFileReference; lastKnownFileType = sourcecode.swift; path = TopMoviesTVC.swift; sourceTree = "<group>"; };
		147D7E9C2BBB2FD900118925 /* TopTVShowsTVC.swift */ = {isa = PBXFileReference; lastKnownFileType = sourcecode.swift; path = TopTVShowsTVC.swift; sourceTree = "<group>"; };
		148252262B5EF7300009C0EF /* ThreeButtonUIView.swift */ = {isa = PBXFileReference; lastKnownFileType = sourcecode.swift; path = ThreeButtonUIView.swift; sourceTree = "<group>"; };
		1482522A2B5F2F010009C0EF /* SwitchViewButtonsUIView.swift */ = {isa = PBXFileReference; lastKnownFileType = sourcecode.swift; path = SwitchViewButtonsUIView.swift; sourceTree = "<group>"; };
		1482522D2B5F62430009C0EF /* MediaDetialsProtocols.swift */ = {isa = PBXFileReference; lastKnownFileType = sourcecode.swift; path = MediaDetialsProtocols.swift; sourceTree = "<group>"; };
		1488403D2B168ACC00EE2F21 /* HomeCategoryBarUIView.swift */ = {isa = PBXFileReference; lastKnownFileType = sourcecode.swift; path = HomeCategoryBarUIView.swift; sourceTree = "<group>"; };
		1488D3232B0E49600020AF07 /* HomeBackgroundUIView.swift */ = {isa = PBXFileReference; lastKnownFileType = sourcecode.swift; path = HomeBackgroundUIView.swift; sourceTree = "<group>"; };
		1489AC842BB4BD3B0004EFBC /* SeasonSelectHeaderView.swift */ = {isa = PBXFileReference; lastKnownFileType = sourcecode.swift; path = SeasonSelectHeaderView.swift; sourceTree = "<group>"; };
		148DB47D2B682A7F00100298 /* Trailer.swift */ = {isa = PBXFileReference; lastKnownFileType = sourcecode.swift; path = Trailer.swift; sourceTree = "<group>"; };
		148EC12A2B97A57B00EFDD11 /* ErrorMessages.swift */ = {isa = PBXFileReference; lastKnownFileType = sourcecode.swift; path = ErrorMessages.swift; sourceTree = "<group>"; };
		14A0E30F2BB769C6008C434E /* UIView-EXT.swift */ = {isa = PBXFileReference; lastKnownFileType = sourcecode.swift; path = "UIView-EXT.swift"; sourceTree = "<group>"; };
		14A491EF2B8F62320090AF08 /* NFBodyLabel.swift */ = {isa = PBXFileReference; lastKnownFileType = sourcecode.swift; path = NFBodyLabel.swift; sourceTree = "<group>"; };
		14A491F12B8F647D0090AF08 /* NFTitleLabel.swift */ = {isa = PBXFileReference; lastKnownFileType = sourcecode.swift; path = NFTitleLabel.swift; sourceTree = "<group>"; };
		14A491F52B8FD8EF0090AF08 /* NFFilledButton.swift */ = {isa = PBXFileReference; lastKnownFileType = sourcecode.swift; path = NFFilledButton.swift; sourceTree = "<group>"; };
		14AC46812B5854B600F5DF7A /* NewHotCategoryBarUIView.swift */ = {isa = PBXFileReference; lastKnownFileType = sourcecode.swift; path = NewHotCategoryBarUIView.swift; sourceTree = "<group>"; };
		14BEB8032B9E049000B87AB8 /* SearchVC.swift */ = {isa = PBXFileReference; lastKnownFileType = sourcecode.swift; path = SearchVC.swift; sourceTree = "<group>"; };
		14C7A4562B5B2B94001EEC08 /* NewHotTableViewConfig.swift */ = {isa = PBXFileReference; lastKnownFileType = sourcecode.swift; path = NewHotTableViewConfig.swift; sourceTree = "<group>"; };
		14CFB1E22B56F55A0036FE91 /* HomeHeaderConfig.swift */ = {isa = PBXFileReference; lastKnownFileType = sourcecode.swift; path = HomeHeaderConfig.swift; sourceTree = "<group>"; };
		14D08B5C2BAB660500677EFC /* SeasonDetail.swift */ = {isa = PBXFileReference; lastKnownFileType = sourcecode.swift; path = SeasonDetail.swift; sourceTree = "<group>"; };
		14DCE3D42B2240D400DCD959 /* NewHotProtocols.swift */ = {isa = PBXFileReference; lastKnownFileType = sourcecode.swift; path = NewHotProtocols.swift; sourceTree = "<group>"; };
		14DCE3D62B22490D00DCD959 /* New&HotTableViewCell.swift */ = {isa = PBXFileReference; lastKnownFileType = sourcecode.swift; path = "New&HotTableViewCell.swift"; sourceTree = "<group>"; };
		14E3B0E82B5D668600D08C14 /* MediaDetailsVC.swift */ = {isa = PBXFileReference; lastKnownFileType = sourcecode.swift; path = MediaDetailsVC.swift; sourceTree = "<group>"; };
		14EC06AB2B6C4B3600565B57 /* DetailsLabelUIView.swift */ = {isa = PBXFileReference; lastKnownFileType = sourcecode.swift; path = DetailsLabelUIView.swift; sourceTree = "<group>"; };
		14EC7D602B15174C00E5B395 /* HomeLoadingUIView.swift */ = {isa = PBXFileReference; fileEncoding = 4; lastKnownFileType = sourcecode.swift; path = HomeLoadingUIView.swift; sourceTree = "<group>"; };
		14EF75B42B8DFACB004D0279 /* NFImageView.swift */ = {isa = PBXFileReference; lastKnownFileType = sourcecode.swift; path = NFImageView.swift; sourceTree = "<group>"; };
		14EF75B72B8E1231004D0279 /* NFWebImageView.swift */ = {isa = PBXFileReference; lastKnownFileType = sourcecode.swift; path = NFWebImageView.swift; sourceTree = "<group>"; };
		14FC66092B964637001863B0 /* NewHotLoadingUIView.swift */ = {isa = PBXFileReference; lastKnownFileType = sourcecode.swift; path = NewHotLoadingUIView.swift; sourceTree = "<group>"; };
		14FC660B2B964E86001863B0 /* NFLoadingUIView.swift */ = {isa = PBXFileReference; lastKnownFileType = sourcecode.swift; path = NFLoadingUIView.swift; sourceTree = "<group>"; };
		14FDAABA2AD49E580027DFED /* HeroHeaderUIView.swift */ = {isa = PBXFileReference; lastKnownFileType = sourcecode.swift; path = HeroHeaderUIView.swift; sourceTree = "<group>"; };
/* End PBXFileReference section */

/* Begin PBXFrameworksBuildPhase section */
		145FB0EC2AD3FEC30019A439 /* Frameworks */ = {
			isa = PBXFrameworksBuildPhase;
			buildActionMask = 2147483647;
			files = (
				14802AE62AEAD34D00C80527 /* SDWebImageMapKit in Frameworks */,
				14EC7D5A2B14FE5700E5B395 /* SkeletonView in Frameworks */,
				14802AE42AEAD34D00C80527 /* SDWebImage in Frameworks */,
			);
			runOnlyForDeploymentPostprocessing = 0;
		};
/* End PBXFrameworksBuildPhase section */

/* Begin PBXGroup section */
		1434BF2B2B61D21F00EA70F6 /* MediaDetailsCell */ = {
			isa = PBXGroup;
			children = (
				1434BF2C2B61D27A00EA70F6 /* TrailersTableViewCell.swift */,
				147551AC2BB0C0B700A2309B /* EpisodesTableViewCell.swift */,
			);
			path = MediaDetailsCell;
			sourceTree = "<group>";
		};
		143C55982B1E7A4F00E58867 /* HomeVC */ = {
			isa = PBXGroup;
			children = (
				145FB1072AD402A80019A439 /* HomeVC.swift */,
				143C559B2B1E7AB800E58867 /* HomeProtocols.swift */,
				147094D82B4759000053CFBC /* HomeTableViewConfig.swift */,
				14CFB1E22B56F55A0036FE91 /* HomeHeaderConfig.swift */,
			);
			path = HomeVC;
			sourceTree = "<group>";
		};
		145EDE822B8BC46F00B49A48 /* Extensions */ = {
			isa = PBXGroup;
			children = (
				140A09A02BA8F8BC00D17AD3 /* Collection-EXT.swift */,
				145EDE7E2B8BC39C00B49A48 /* Int-EXT.swift */,
				145EDE7C2B8BC39200B49A48 /* String-EXT.swift */,
				145EDE802B8BC3EC00B49A48 /* UIColor-EXT.swift */,
				14A0E30F2BB769C6008C434E /* UIView-EXT.swift */,
				145EDE7A2B8BBF3E00B49A48 /* ViewController-EXT.swift */,
			);
			path = Extensions;
			sourceTree = "<group>";
		};
		145FB0E62AD3FEC30019A439 = {
			isa = PBXGroup;
			children = (
				145FB0F12AD3FEC30019A439 /* Netflix Clone */,
				145FB0F02AD3FEC30019A439 /* Products */,
			);
			sourceTree = "<group>";
		};
		145FB0F02AD3FEC30019A439 /* Products */ = {
			isa = PBXGroup;
			children = (
				145FB0EF2AD3FEC30019A439 /* Netflix Clone.app */,
			);
			name = Products;
			sourceTree = "<group>";
		};
		145FB0F12AD3FEC30019A439 /* Netflix Clone */ = {
			isa = PBXGroup;
			children = (
				145FB1142AD46CBF0019A439 /* Managers */,
				145EDE822B8BC46F00B49A48 /* Extensions */,
				145FB10F2AD46BF30019A439 /* Models */,
				145FB1122AD46C210019A439 /* Views */,
				145FB1112AD46C150019A439 /* ViewModels */,
				145FB1132AD46C780019A439 /* Support */,
				145FB1002AD3FEC40019A439 /* Info.plist */,
			);
			path = "Netflix Clone";
			sourceTree = "<group>";
		};
		145FB1062AD402540019A439 /* Controllers */ = {
			isa = PBXGroup;
			children = (
				143C55982B1E7A4F00E58867 /* HomeVC */,
				14DCE3D32B22408500DCD959 /* NewHotVC */,
				147094D52B4758560053CFBC /* MyNetflixVC */,
				1482522C2B5F52FA0009C0EF /* MediaDetailsVC */,
				147094C82B4742C90053CFBC /* DownloadVC */,
				14BEB8032B9E049000B87AB8 /* SearchVC.swift */,
			);
			path = Controllers;
			sourceTree = "<group>";
		};
		145FB10F2AD46BF30019A439 /* Models */ = {
			isa = PBXGroup;
			children = (
				140A72D72AD8283700CCA9FA /* Media.swift */,
				1435879C2B4327F60044171C /* Image.swift */,
				144470E82B43531300843068 /* Detail.swift */,
				14D08B5C2BAB660500677EFC /* SeasonDetail.swift */,
				1416D03E2B6734FB00BC363C /* Cast.swift */,
				148DB47D2B682A7F00100298 /* Trailer.swift */,
				140B13B12ADF561600AB2387 /* YoutubeResponse.swift */,
			);
			path = Models;
			sourceTree = "<group>";
		};
		145FB1112AD46C150019A439 /* ViewModels */ = {
			isa = PBXGroup;
			children = (
				1400D3972ADC5B7800491F75 /* MovieViewModel.swift */,
			);
			path = ViewModels;
			sourceTree = "<group>";
		};
		145FB1122AD46C210019A439 /* Views */ = {
			isa = PBXGroup;
			children = (
				145FB1062AD402540019A439 /* Controllers */,
				14EC7D622B15177300E5B395 /* Cells */,
				14EC7D5F2B15174C00E5B395 /* CustomViews */,
			);
			path = Views;
			sourceTree = "<group>";
		};
		145FB1132AD46C780019A439 /* Support */ = {
			isa = PBXGroup;
			children = (
				145FB0F62AD3FEC30019A439 /* MainTabBarVC.swift */,
				145FB0F22AD3FEC30019A439 /* AppDelegate.swift */,
				145FB0F42AD3FEC30019A439 /* SceneDelegate.swift */,
				1400D3932ADC4A3200491F75 /* Constants.swift */,
				147BD90A2B9B942D0054A207 /* UIHelper.swift */,
				141230EA2AE5AED80025815E /* NetflixCloneModel.xcdatamodeld */,
				145FB0FB2AD3FEC40019A439 /* Assets.xcassets */,
				145FB0FD2AD3FEC40019A439 /* LaunchScreen.storyboard */,
			);
			path = Support;
			sourceTree = "<group>";
		};
		145FB1142AD46CBF0019A439 /* Managers */ = {
			isa = PBXGroup;
			children = (
				141230ED2AE5B2020025815E /* DataPersistenceManager.swift */,
				148EC12A2B97A57B00EFDD11 /* ErrorMessages.swift */,
				141E13FA2AD73191007418D5 /* NetworkManager.swift */,
			);
			path = Managers;
			sourceTree = "<group>";
		};
		147094C82B4742C90053CFBC /* DownloadVC */ = {
			isa = PBXGroup;
			children = (
				145FB10D2AD403430019A439 /* DownloadVC.swift */,
				147094C92B4742FD0053CFBC /* DownloadExtension.swift */,
			);
			path = DownloadVC;
			sourceTree = "<group>";
		};
		147094CF2B4757AF0053CFBC /* HomeTableViewCell */ = {
			isa = PBXGroup;
			children = (
				145FB1152AD46CE40019A439 /* HomeTableViewCell.swift */,
				147094D02B4757D40053CFBC /* HomeTableViewExtension.swift */,
			);
			path = HomeTableViewCell;
			sourceTree = "<group>";
		};
		147094D22B47581D0053CFBC /* MyNetflixTableViewCell */ = {
			isa = PBXGroup;
			children = (
				147094CD2B4752CA0053CFBC /* MyNetflixTableViewCell.swift */,
				147094D32B4758410053CFBC /* MyNetflixTableViewCellExtension.swift */,
			);
			path = MyNetflixTableViewCell;
			sourceTree = "<group>";
		};
		147094D52B4758560053CFBC /* MyNetflixVC */ = {
			isa = PBXGroup;
			children = (
				147094C62B4737FB0053CFBC /* MyNetflixVC.swift */,
				147094D62B47586E0053CFBC /* MyNetflixExtension.swift */,
			);
			path = MyNetflixVC;
			sourceTree = "<group>";
		};
		147D7E9E2BBB2FE200118925 /* TableViewControllers */ = {
			isa = PBXGroup;
			children = (
				147D7E962BBB2F9900118925 /* ComingSoonTVC.swift */,
				147D7E982BBB2FB500118925 /* EverybodyTVC.swift */,
				147D7E9A2BBB2FC600118925 /* TopMoviesTVC.swift */,
				147D7E9C2BBB2FD900118925 /* TopTVShowsTVC.swift */,
			);
			path = TableViewControllers;
			sourceTree = "<group>";
		};
		148252282B5F2E180009C0EF /* HomeViews */ = {
			isa = PBXGroup;
			children = (
				1488403D2B168ACC00EE2F21 /* HomeCategoryBarUIView.swift */,
				14FDAABA2AD49E580027DFED /* HeroHeaderUIView.swift */,
				1488D3232B0E49600020AF07 /* HomeBackgroundUIView.swift */,
				14EC7D602B15174C00E5B395 /* HomeLoadingUIView.swift */,
			);
			path = HomeViews;
			sourceTree = "<group>";
		};
		148252292B5F2EBE0009C0EF /* MediaDetailsViews */ = {
			isa = PBXGroup;
			children = (
				1489AC862BB4C3520004EFBC /* TVDetailsVCViews */,
				148252262B5EF7300009C0EF /* ThreeButtonUIView.swift */,
				1482522A2B5F2F010009C0EF /* SwitchViewButtonsUIView.swift */,
				14EC06AB2B6C4B3600565B57 /* DetailsLabelUIView.swift */,
			);
			path = MediaDetailsViews;
			sourceTree = "<group>";
		};
		1482522C2B5F52FA0009C0EF /* MediaDetailsVC */ = {
			isa = PBXGroup;
			children = (
				14E3B0E82B5D668600D08C14 /* MediaDetailsVC.swift */,
				1482522D2B5F62430009C0EF /* MediaDetialsProtocols.swift */,
				140A09A22BA91BCD00D17AD3 /* MovieDetailsVC.swift */,
				140A09A52BA92DE000D17AD3 /* TVDetailsVC.swift */,
				140F65D62BB5674200FF7C25 /* SeasonsListVC.swift */,
			);
			path = MediaDetailsVC;
			sourceTree = "<group>";
		};
		1489AC862BB4C3520004EFBC /* TVDetailsVCViews */ = {
			isa = PBXGroup;
			children = (
				1489AC842BB4BD3B0004EFBC /* SeasonSelectHeaderView.swift */,
			);
			path = TVDetailsVCViews;
			sourceTree = "<group>";
		};
		148C84452B62D729005CAF01 /* New&HotTableViewCell */ = {
			isa = PBXGroup;
			children = (
				14DCE3D62B22490D00DCD959 /* New&HotTableViewCell.swift */,
			);
			path = "New&HotTableViewCell";
			sourceTree = "<group>";
		};
		14A491F32B8F66A20090AF08 /* Labels */ = {
			isa = PBXGroup;
			children = (
				14A491EF2B8F62320090AF08 /* NFBodyLabel.swift */,
				14A491F12B8F647D0090AF08 /* NFTitleLabel.swift */,
			);
			path = Labels;
			sourceTree = "<group>";
		};
		14A491F42B8FD88A0090AF08 /* Buttons */ = {
			isa = PBXGroup;
			children = (
				14A491F52B8FD8EF0090AF08 /* NFFilledButton.swift */,
				142FF7D42B91183A0061375F /* NFPlainButton.swift */,
				142FF7D62B911DB00061375F /* NFSymbolButton.swift */,
			);
			path = Buttons;
			sourceTree = "<group>";
		};
		14DCE3D32B22408500DCD959 /* NewHotVC */ = {
			isa = PBXGroup;
			children = (
				145FB1092AD402E50019A439 /* NewHotVC.swift */,
				14DCE3D42B2240D400DCD959 /* NewHotProtocols.swift */,
				14C7A4562B5B2B94001EEC08 /* NewHotTableViewConfig.swift */,
				147BD90C2B9BAAA50054A207 /* NewHotTableConfig.swift */,
			);
			path = NewHotVC;
			sourceTree = "<group>";
		};
		14EC7D5F2B15174C00E5B395 /* CustomViews */ = {
			isa = PBXGroup;
			children = (
				14EF75B32B8DFA89004D0279 /* UIViews */,
				14EF75B62B8E0931004D0279 /* ImageViews */,
				14A491F42B8FD88A0090AF08 /* Buttons */,
				14A491F32B8F66A20090AF08 /* Labels */,
			);
			path = CustomViews;
			sourceTree = "<group>";
		};
		14EC7D622B15177300E5B395 /* Cells */ = {
			isa = PBXGroup;
			children = (
				147094CF2B4757AF0053CFBC /* HomeTableViewCell */,
				148C84452B62D729005CAF01 /* New&HotTableViewCell */,
				147094D22B47581D0053CFBC /* MyNetflixTableViewCell */,
				1434BF2B2B61D21F00EA70F6 /* MediaDetailsCell */,
				140A72DB2AD8325800CCA9FA /* PosterCollectionViewCell.swift */,
				1434BF2E2B61D57100EA70F6 /* SimpleTableViewCell.swift */,
			);
			path = Cells;
			sourceTree = "<group>";
		};
		14ECFB802B62E8E300D3DCAB /* MyNetflixViews */ = {
			isa = PBXGroup;
			children = (
				147094CB2B4747150053CFBC /* TitleRowUIView.swift */,
			);
			path = MyNetflixViews;
			sourceTree = "<group>";
		};
		14ECFB812B62E8F900D3DCAB /* NewHotViews */ = {
			isa = PBXGroup;
			children = (
				147D7E9E2BBB2FE200118925 /* TableViewControllers */,
				14AC46812B5854B600F5DF7A /* NewHotCategoryBarUIView.swift */,
				14FC66092B964637001863B0 /* NewHotLoadingUIView.swift */,
			);
			path = NewHotViews;
			sourceTree = "<group>";
		};
		14EF75B32B8DFA89004D0279 /* UIViews */ = {
			isa = PBXGroup;
			children = (
				148252282B5F2E180009C0EF /* HomeViews */,
				14ECFB812B62E8F900D3DCAB /* NewHotViews */,
				14ECFB802B62E8E300D3DCAB /* MyNetflixViews */,
				148252292B5F2EBE0009C0EF /* MediaDetailsViews */,
				14FC660B2B964E86001863B0 /* NFLoadingUIView.swift */,
			);
			path = UIViews;
			sourceTree = "<group>";
		};
		14EF75B62B8E0931004D0279 /* ImageViews */ = {
			isa = PBXGroup;
			children = (
				14EF75B42B8DFACB004D0279 /* NFImageView.swift */,
				14EF75B72B8E1231004D0279 /* NFWebImageView.swift */,
			);
			path = ImageViews;
			sourceTree = "<group>";
		};
/* End PBXGroup section */

/* Begin PBXNativeTarget section */
		145FB0EE2AD3FEC30019A439 /* Netflix Clone */ = {
			isa = PBXNativeTarget;
			buildConfigurationList = 145FB1032AD3FEC40019A439 /* Build configuration list for PBXNativeTarget "Netflix Clone" */;
			buildPhases = (
				145FB0EB2AD3FEC30019A439 /* Sources */,
				145FB0EC2AD3FEC30019A439 /* Frameworks */,
				145FB0ED2AD3FEC30019A439 /* Resources */,
			);
			buildRules = (
			);
			dependencies = (
			);
			name = "Netflix Clone";
			packageProductDependencies = (
				14802AE32AEAD34D00C80527 /* SDWebImage */,
				14802AE52AEAD34D00C80527 /* SDWebImageMapKit */,
				14EC7D592B14FE5700E5B395 /* SkeletonView */,
			);
			productName = "Netflix Clone";
			productReference = 145FB0EF2AD3FEC30019A439 /* Netflix Clone.app */;
			productType = "com.apple.product-type.application";
		};
/* End PBXNativeTarget section */

/* Begin PBXProject section */
		145FB0E72AD3FEC30019A439 /* Project object */ = {
			isa = PBXProject;
			attributes = {
				BuildIndependentTargetsInParallel = 1;
				LastSwiftUpdateCheck = 1500;
				LastUpgradeCheck = 1500;
				TargetAttributes = {
					145FB0EE2AD3FEC30019A439 = {
						CreatedOnToolsVersion = 15.0;
					};
				};
			};
			buildConfigurationList = 145FB0EA2AD3FEC30019A439 /* Build configuration list for PBXProject "Netflix Clone" */;
			compatibilityVersion = "Xcode 14.0";
			developmentRegion = en;
			hasScannedForEncodings = 0;
			knownRegions = (
				en,
				Base,
			);
			mainGroup = 145FB0E62AD3FEC30019A439;
			packageReferences = (
				14802AE22AEAD34D00C80527 /* XCRemoteSwiftPackageReference "SDWebImage" */,
				14EC7D582B14FE5700E5B395 /* XCRemoteSwiftPackageReference "SkeletonView" */,
			);
			productRefGroup = 145FB0F02AD3FEC30019A439 /* Products */;
			projectDirPath = "";
			projectRoot = "";
			targets = (
				145FB0EE2AD3FEC30019A439 /* Netflix Clone */,
			);
		};
/* End PBXProject section */

/* Begin PBXResourcesBuildPhase section */
		145FB0ED2AD3FEC30019A439 /* Resources */ = {
			isa = PBXResourcesBuildPhase;
			buildActionMask = 2147483647;
			files = (
				145FB0FF2AD3FEC40019A439 /* LaunchScreen.storyboard in Resources */,
				145FB0FC2AD3FEC40019A439 /* Assets.xcassets in Resources */,
			);
			runOnlyForDeploymentPostprocessing = 0;
		};
/* End PBXResourcesBuildPhase section */

/* Begin PBXSourcesBuildPhase section */
		145FB0EB2AD3FEC30019A439 /* Sources */ = {
			isa = PBXSourcesBuildPhase;
			buildActionMask = 2147483647;
			files = (
				147094CA2B4742FD0053CFBC /* DownloadExtension.swift in Sources */,
				147BD90B2B9B942D0054A207 /* UIHelper.swift in Sources */,
				142FF7D72B911DB00061375F /* NFSymbolButton.swift in Sources */,
				14DCE3D72B22490D00DCD959 /* New&HotTableViewCell.swift in Sources */,
				147094CC2B4747150053CFBC /* TitleRowUIView.swift in Sources */,
				140A09A32BA91BCD00D17AD3 /* MovieDetailsVC.swift in Sources */,
				145EDE812B8BC3EC00B49A48 /* UIColor-EXT.swift in Sources */,
				14C7A4572B5B2B94001EEC08 /* NewHotTableViewConfig.swift in Sources */,
				1435879D2B4327F60044171C /* Image.swift in Sources */,
				14EC7D612B15174C00E5B395 /* HomeLoadingUIView.swift in Sources */,
				140A09A12BA8F8BC00D17AD3 /* Collection-EXT.swift in Sources */,
				14BEB8042B9E049000B87AB8 /* SearchVC.swift in Sources */,
				147094D72B47586E0053CFBC /* MyNetflixExtension.swift in Sources */,
				147551AD2BB0C0B700A2309B /* EpisodesTableViewCell.swift in Sources */,
				148252272B5EF7300009C0EF /* ThreeButtonUIView.swift in Sources */,
				140A72DC2AD8325800CCA9FA /* PosterCollectionViewCell.swift in Sources */,
				140A72D82AD8283700CCA9FA /* Media.swift in Sources */,
				145FB1162AD46CE40019A439 /* HomeTableViewCell.swift in Sources */,
				14FC660C2B964E86001863B0 /* NFLoadingUIView.swift in Sources */,
				1482522B2B5F2F010009C0EF /* SwitchViewButtonsUIView.swift in Sources */,
				147094D92B4759010053CFBC /* HomeTableViewConfig.swift in Sources */,
				145FB0F72AD3FEC30019A439 /* MainTabBarVC.swift in Sources */,
				1416D03F2B6734FB00BC363C /* Cast.swift in Sources */,
				14EF75B52B8DFACB004D0279 /* NFImageView.swift in Sources */,
				147BD90D2B9BAAA50054A207 /* NewHotTableConfig.swift in Sources */,
				141E13FB2AD73191007418D5 /* NetworkManager.swift in Sources */,
				14A0E3102BB769C6008C434E /* UIView-EXT.swift in Sources */,
				14CFB1E32B56F55A0036FE91 /* HomeHeaderConfig.swift in Sources */,
				14E3B0E92B5D668600D08C14 /* MediaDetailsVC.swift in Sources */,
				147094CE2B4752CB0053CFBC /* MyNetflixTableViewCell.swift in Sources */,
				14FDAABB2AD49E580027DFED /* HeroHeaderUIView.swift in Sources */,
				145FB0F32AD3FEC30019A439 /* AppDelegate.swift in Sources */,
				147D7E972BBB2F9900118925 /* ComingSoonTVC.swift in Sources */,
				142FF7D52B91183A0061375F /* NFPlainButton.swift in Sources */,
				14DCE3D52B2240D400DCD959 /* NewHotProtocols.swift in Sources */,
				14EF75B82B8E1231004D0279 /* NFWebImageView.swift in Sources */,
				14D08B5D2BAB660500677EFC /* SeasonDetail.swift in Sources */,
				1488403E2B168ACC00EE2F21 /* HomeCategoryBarUIView.swift in Sources */,
				147D7E9B2BBB2FC600118925 /* TopMoviesTVC.swift in Sources */,
				14A491F02B8F62320090AF08 /* NFBodyLabel.swift in Sources */,
				148EC12B2B97A57B00EFDD11 /* ErrorMessages.swift in Sources */,
				140B13B22ADF561600AB2387 /* YoutubeResponse.swift in Sources */,
				140F65D72BB5674200FF7C25 /* SeasonsListVC.swift in Sources */,
				147094D42B4758410053CFBC /* MyNetflixTableViewCellExtension.swift in Sources */,
				147D7E992BBB2FB500118925 /* EverybodyTVC.swift in Sources */,
				1482522E2B5F62430009C0EF /* MediaDetialsProtocols.swift in Sources */,
				147094C72B4737FB0053CFBC /* MyNetflixVC.swift in Sources */,
				14AC46822B5854B600F5DF7A /* NewHotCategoryBarUIView.swift in Sources */,
				145FB10E2AD403430019A439 /* DownloadVC.swift in Sources */,
				1489AC852BB4BD3B0004EFBC /* SeasonSelectHeaderView.swift in Sources */,
				1434BF2F2B61D57100EA70F6 /* SimpleTableViewCell.swift in Sources */,
				143C559C2B1E7AB800E58867 /* HomeProtocols.swift in Sources */,
				14EC06AC2B6C4B3600565B57 /* DetailsLabelUIView.swift in Sources */,
				145FB0F52AD3FEC30019A439 /* SceneDelegate.swift in Sources */,
				141230EC2AE5AED80025815E /* NetflixCloneModel.xcdatamodeld in Sources */,
				145EDE7D2B8BC39200B49A48 /* String-EXT.swift in Sources */,
				1400D3942ADC4A3200491F75 /* Constants.swift in Sources */,
				1400D3982ADC5B7800491F75 /* MovieViewModel.swift in Sources */,
				145FB10A2AD402E50019A439 /* NewHotVC.swift in Sources */,
				1434BF2D2B61D27A00EA70F6 /* TrailersTableViewCell.swift in Sources */,
				14FC660A2B964637001863B0 /* NewHotLoadingUIView.swift in Sources */,
				145EDE7F2B8BC39C00B49A48 /* Int-EXT.swift in Sources */,
				145FB1082AD402A80019A439 /* HomeVC.swift in Sources */,
				147094D12B4757D40053CFBC /* HomeTableViewExtension.swift in Sources */,
				141230EE2AE5B2020025815E /* DataPersistenceManager.swift in Sources */,
				145EDE7B2B8BBF3E00B49A48 /* ViewController-EXT.swift in Sources */,
				140A09A62BA92DE000D17AD3 /* TVDetailsVC.swift in Sources */,
				144470E92B43531300843068 /* Detail.swift in Sources */,
				14A491F22B8F647D0090AF08 /* NFTitleLabel.swift in Sources */,
				147D7E9D2BBB2FD900118925 /* TopTVShowsTVC.swift in Sources */,
				14A491F62B8FD8EF0090AF08 /* NFFilledButton.swift in Sources */,
				148DB47E2B682A7F00100298 /* Trailer.swift in Sources */,
				1488D3242B0E49600020AF07 /* HomeBackgroundUIView.swift in Sources */,
			);
			runOnlyForDeploymentPostprocessing = 0;
		};
/* End PBXSourcesBuildPhase section */

/* Begin PBXVariantGroup section */
		145FB0FD2AD3FEC40019A439 /* LaunchScreen.storyboard */ = {
			isa = PBXVariantGroup;
			children = (
				145FB0FE2AD3FEC40019A439 /* Base */,
			);
			name = LaunchScreen.storyboard;
			sourceTree = "<group>";
		};
/* End PBXVariantGroup section */

/* Begin XCBuildConfiguration section */
		145FB1012AD3FEC40019A439 /* Debug */ = {
			isa = XCBuildConfiguration;
			buildSettings = {
				ALWAYS_SEARCH_USER_PATHS = NO;
				ASSETCATALOG_COMPILER_GENERATE_SWIFT_ASSET_SYMBOL_EXTENSIONS = YES;
				CLANG_ANALYZER_NONNULL = YES;
				CLANG_ANALYZER_NUMBER_OBJECT_CONVERSION = YES_AGGRESSIVE;
				CLANG_CXX_LANGUAGE_STANDARD = "gnu++20";
				CLANG_ENABLE_MODULES = YES;
				CLANG_ENABLE_OBJC_ARC = YES;
				CLANG_ENABLE_OBJC_WEAK = YES;
				CLANG_WARN_BLOCK_CAPTURE_AUTORELEASING = YES;
				CLANG_WARN_BOOL_CONVERSION = YES;
				CLANG_WARN_COMMA = YES;
				CLANG_WARN_CONSTANT_CONVERSION = YES;
				CLANG_WARN_DEPRECATED_OBJC_IMPLEMENTATIONS = YES;
				CLANG_WARN_DIRECT_OBJC_ISA_USAGE = YES_ERROR;
				CLANG_WARN_DOCUMENTATION_COMMENTS = YES;
				CLANG_WARN_EMPTY_BODY = YES;
				CLANG_WARN_ENUM_CONVERSION = YES;
				CLANG_WARN_INFINITE_RECURSION = YES;
				CLANG_WARN_INT_CONVERSION = YES;
				CLANG_WARN_NON_LITERAL_NULL_CONVERSION = YES;
				CLANG_WARN_OBJC_IMPLICIT_RETAIN_SELF = YES;
				CLANG_WARN_OBJC_LITERAL_CONVERSION = YES;
				CLANG_WARN_OBJC_ROOT_CLASS = YES_ERROR;
				CLANG_WARN_QUOTED_INCLUDE_IN_FRAMEWORK_HEADER = YES;
				CLANG_WARN_RANGE_LOOP_ANALYSIS = YES;
				CLANG_WARN_STRICT_PROTOTYPES = YES;
				CLANG_WARN_SUSPICIOUS_MOVE = YES;
				CLANG_WARN_UNGUARDED_AVAILABILITY = YES_AGGRESSIVE;
				CLANG_WARN_UNREACHABLE_CODE = YES;
				CLANG_WARN__DUPLICATE_METHOD_MATCH = YES;
				COPY_PHASE_STRIP = NO;
				DEBUG_INFORMATION_FORMAT = dwarf;
				ENABLE_STRICT_OBJC_MSGSEND = YES;
				ENABLE_TESTABILITY = YES;
				ENABLE_USER_SCRIPT_SANDBOXING = YES;
				GCC_C_LANGUAGE_STANDARD = gnu17;
				GCC_DYNAMIC_NO_PIC = NO;
				GCC_NO_COMMON_BLOCKS = YES;
				GCC_OPTIMIZATION_LEVEL = 0;
				GCC_PREPROCESSOR_DEFINITIONS = (
					"DEBUG=1",
					"$(inherited)",
				);
				GCC_WARN_64_TO_32_BIT_CONVERSION = YES;
				GCC_WARN_ABOUT_RETURN_TYPE = YES_ERROR;
				GCC_WARN_UNDECLARED_SELECTOR = YES;
				GCC_WARN_UNINITIALIZED_AUTOS = YES_AGGRESSIVE;
				GCC_WARN_UNUSED_FUNCTION = YES;
				GCC_WARN_UNUSED_VARIABLE = YES;
				IPHONEOS_DEPLOYMENT_TARGET = 17.0;
				LOCALIZATION_PREFERS_STRING_CATALOGS = YES;
				MTL_ENABLE_DEBUG_INFO = INCLUDE_SOURCE;
				MTL_FAST_MATH = YES;
				ONLY_ACTIVE_ARCH = YES;
				SDKROOT = iphoneos;
				SWIFT_ACTIVE_COMPILATION_CONDITIONS = "DEBUG $(inherited)";
				SWIFT_OPTIMIZATION_LEVEL = "-Onone";
			};
			name = Debug;
		};
		145FB1022AD3FEC40019A439 /* Release */ = {
			isa = XCBuildConfiguration;
			buildSettings = {
				ALWAYS_SEARCH_USER_PATHS = NO;
				ASSETCATALOG_COMPILER_GENERATE_SWIFT_ASSET_SYMBOL_EXTENSIONS = YES;
				CLANG_ANALYZER_NONNULL = YES;
				CLANG_ANALYZER_NUMBER_OBJECT_CONVERSION = YES_AGGRESSIVE;
				CLANG_CXX_LANGUAGE_STANDARD = "gnu++20";
				CLANG_ENABLE_MODULES = YES;
				CLANG_ENABLE_OBJC_ARC = YES;
				CLANG_ENABLE_OBJC_WEAK = YES;
				CLANG_WARN_BLOCK_CAPTURE_AUTORELEASING = YES;
				CLANG_WARN_BOOL_CONVERSION = YES;
				CLANG_WARN_COMMA = YES;
				CLANG_WARN_CONSTANT_CONVERSION = YES;
				CLANG_WARN_DEPRECATED_OBJC_IMPLEMENTATIONS = YES;
				CLANG_WARN_DIRECT_OBJC_ISA_USAGE = YES_ERROR;
				CLANG_WARN_DOCUMENTATION_COMMENTS = YES;
				CLANG_WARN_EMPTY_BODY = YES;
				CLANG_WARN_ENUM_CONVERSION = YES;
				CLANG_WARN_INFINITE_RECURSION = YES;
				CLANG_WARN_INT_CONVERSION = YES;
				CLANG_WARN_NON_LITERAL_NULL_CONVERSION = YES;
				CLANG_WARN_OBJC_IMPLICIT_RETAIN_SELF = YES;
				CLANG_WARN_OBJC_LITERAL_CONVERSION = YES;
				CLANG_WARN_OBJC_ROOT_CLASS = YES_ERROR;
				CLANG_WARN_QUOTED_INCLUDE_IN_FRAMEWORK_HEADER = YES;
				CLANG_WARN_RANGE_LOOP_ANALYSIS = YES;
				CLANG_WARN_STRICT_PROTOTYPES = YES;
				CLANG_WARN_SUSPICIOUS_MOVE = YES;
				CLANG_WARN_UNGUARDED_AVAILABILITY = YES_AGGRESSIVE;
				CLANG_WARN_UNREACHABLE_CODE = YES;
				CLANG_WARN__DUPLICATE_METHOD_MATCH = YES;
				COPY_PHASE_STRIP = NO;
				DEBUG_INFORMATION_FORMAT = "dwarf-with-dsym";
				ENABLE_NS_ASSERTIONS = NO;
				ENABLE_STRICT_OBJC_MSGSEND = YES;
				ENABLE_USER_SCRIPT_SANDBOXING = YES;
				GCC_C_LANGUAGE_STANDARD = gnu17;
				GCC_NO_COMMON_BLOCKS = YES;
				GCC_WARN_64_TO_32_BIT_CONVERSION = YES;
				GCC_WARN_ABOUT_RETURN_TYPE = YES_ERROR;
				GCC_WARN_UNDECLARED_SELECTOR = YES;
				GCC_WARN_UNINITIALIZED_AUTOS = YES_AGGRESSIVE;
				GCC_WARN_UNUSED_FUNCTION = YES;
				GCC_WARN_UNUSED_VARIABLE = YES;
				IPHONEOS_DEPLOYMENT_TARGET = 17.0;
				LOCALIZATION_PREFERS_STRING_CATALOGS = YES;
				MTL_ENABLE_DEBUG_INFO = NO;
				MTL_FAST_MATH = YES;
				SDKROOT = iphoneos;
				SWIFT_COMPILATION_MODE = wholemodule;
				VALIDATE_PRODUCT = YES;
			};
			name = Release;
		};
		145FB1042AD3FEC40019A439 /* Debug */ = {
			isa = XCBuildConfiguration;
			buildSettings = {
				ASSETCATALOG_COMPILER_APPICON_NAME = AppIcon;
				ASSETCATALOG_COMPILER_GLOBAL_ACCENT_COLOR_NAME = AccentColor;
				CODE_SIGN_STYLE = Automatic;
				CURRENT_PROJECT_VERSION = 1;
				DEVELOPMENT_TEAM = 2SS9FAQ8LA;
				GENERATE_INFOPLIST_FILE = YES;
				INFOPLIST_FILE = "Netflix Clone/Info.plist";
				INFOPLIST_KEY_UIApplicationSupportsIndirectInputEvents = YES;
				INFOPLIST_KEY_UILaunchStoryboardName = LaunchScreen;
				INFOPLIST_KEY_UISupportedInterfaceOrientations_iPad = "UIInterfaceOrientationPortrait UIInterfaceOrientationPortraitUpsideDown UIInterfaceOrientationLandscapeLeft UIInterfaceOrientationLandscapeRight";
				INFOPLIST_KEY_UISupportedInterfaceOrientations_iPhone = "UIInterfaceOrientationPortrait UIInterfaceOrientationLandscapeLeft UIInterfaceOrientationLandscapeRight";
				INFOPLIST_KEY_UIUserInterfaceStyle = Dark;
				IPHONEOS_DEPLOYMENT_TARGET = 17.0;
				LD_RUNPATH_SEARCH_PATHS = (
					"$(inherited)",
					"@executable_path/Frameworks",
				);
				MARKETING_VERSION = 1.0;
				PRODUCT_BUNDLE_IDENTIFIER = "com.Mohanad.Netflix-Clone";
				PRODUCT_NAME = "$(TARGET_NAME)";
				SWIFT_EMIT_LOC_STRINGS = YES;
				SWIFT_VERSION = 5.0;
				TARGETED_DEVICE_FAMILY = "1,2";
			};
			name = Debug;
		};
		145FB1052AD3FEC40019A439 /* Release */ = {
			isa = XCBuildConfiguration;
			buildSettings = {
				ASSETCATALOG_COMPILER_APPICON_NAME = AppIcon;
				ASSETCATALOG_COMPILER_GLOBAL_ACCENT_COLOR_NAME = AccentColor;
				CODE_SIGN_STYLE = Automatic;
				CURRENT_PROJECT_VERSION = 1;
				DEVELOPMENT_TEAM = 2SS9FAQ8LA;
				GENERATE_INFOPLIST_FILE = YES;
				INFOPLIST_FILE = "Netflix Clone/Info.plist";
				INFOPLIST_KEY_UIApplicationSupportsIndirectInputEvents = YES;
				INFOPLIST_KEY_UILaunchStoryboardName = LaunchScreen;
				INFOPLIST_KEY_UISupportedInterfaceOrientations_iPad = "UIInterfaceOrientationPortrait UIInterfaceOrientationPortraitUpsideDown UIInterfaceOrientationLandscapeLeft UIInterfaceOrientationLandscapeRight";
				INFOPLIST_KEY_UISupportedInterfaceOrientations_iPhone = "UIInterfaceOrientationPortrait UIInterfaceOrientationLandscapeLeft UIInterfaceOrientationLandscapeRight";
				INFOPLIST_KEY_UIUserInterfaceStyle = Dark;
				IPHONEOS_DEPLOYMENT_TARGET = 17.0;
				LD_RUNPATH_SEARCH_PATHS = (
					"$(inherited)",
					"@executable_path/Frameworks",
				);
				MARKETING_VERSION = 1.0;
				PRODUCT_BUNDLE_IDENTIFIER = "com.Mohanad.Netflix-Clone";
				PRODUCT_NAME = "$(TARGET_NAME)";
				SWIFT_EMIT_LOC_STRINGS = YES;
				SWIFT_VERSION = 5.0;
				TARGETED_DEVICE_FAMILY = "1,2";
			};
			name = Release;
		};
/* End XCBuildConfiguration section */

/* Begin XCConfigurationList section */
		145FB0EA2AD3FEC30019A439 /* Build configuration list for PBXProject "Netflix Clone" */ = {
			isa = XCConfigurationList;
			buildConfigurations = (
				145FB1012AD3FEC40019A439 /* Debug */,
				145FB1022AD3FEC40019A439 /* Release */,
			);
			defaultConfigurationIsVisible = 0;
			defaultConfigurationName = Release;
		};
		145FB1032AD3FEC40019A439 /* Build configuration list for PBXNativeTarget "Netflix Clone" */ = {
			isa = XCConfigurationList;
			buildConfigurations = (
				145FB1042AD3FEC40019A439 /* Debug */,
				145FB1052AD3FEC40019A439 /* Release */,
			);
			defaultConfigurationIsVisible = 0;
			defaultConfigurationName = Release;
		};
/* End XCConfigurationList section */

/* Begin XCRemoteSwiftPackageReference section */
		14802AE22AEAD34D00C80527 /* XCRemoteSwiftPackageReference "SDWebImage" */ = {
			isa = XCRemoteSwiftPackageReference;
			repositoryURL = "https://github.com/SDWebImage/SDWebImage.git";
			requirement = {
				kind = upToNextMajorVersion;
				minimumVersion = 5.18.3;
			};
		};
		14EC7D582B14FE5700E5B395 /* XCRemoteSwiftPackageReference "SkeletonView" */ = {
			isa = XCRemoteSwiftPackageReference;
			repositoryURL = "https://github.com/Juanpe/SkeletonView.git";
			requirement = {
				kind = upToNextMajorVersion;
				minimumVersion = 1.30.4;
			};
		};
/* End XCRemoteSwiftPackageReference section */

/* Begin XCSwiftPackageProductDependency section */
		14802AE32AEAD34D00C80527 /* SDWebImage */ = {
			isa = XCSwiftPackageProductDependency;
			package = 14802AE22AEAD34D00C80527 /* XCRemoteSwiftPackageReference "SDWebImage" */;
			productName = SDWebImage;
		};
		14802AE52AEAD34D00C80527 /* SDWebImageMapKit */ = {
			isa = XCSwiftPackageProductDependency;
			package = 14802AE22AEAD34D00C80527 /* XCRemoteSwiftPackageReference "SDWebImage" */;
			productName = SDWebImageMapKit;
		};
		14EC7D592B14FE5700E5B395 /* SkeletonView */ = {
			isa = XCSwiftPackageProductDependency;
			package = 14EC7D582B14FE5700E5B395 /* XCRemoteSwiftPackageReference "SkeletonView" */;
			productName = SkeletonView;
		};
/* End XCSwiftPackageProductDependency section */

/* Begin XCVersionGroup section */
		141230EA2AE5AED80025815E /* NetflixCloneModel.xcdatamodeld */ = {
			isa = XCVersionGroup;
			children = (
				141230EB2AE5AED80025815E /* NetflixCloneModel.xcdatamodel */,
			);
			currentVersion = 141230EB2AE5AED80025815E /* NetflixCloneModel.xcdatamodel */;
			path = NetflixCloneModel.xcdatamodeld;
			sourceTree = "<group>";
			versionGroupType = wrapper.xcdatamodel;
		};
/* End XCVersionGroup section */
	};
	rootObject = 145FB0E72AD3FEC30019A439 /* Project object */;
}
